{
  "requires": true,
  "lockfileVersion": 1,
  "dependencies": {
    "react-native-swiper-flatlist": {
      "version": "3.2.4",
      "resolved": "https://registry.npmjs.org/react-native-swiper-flatlist/-/react-native-swiper-flatlist-3.2.4.tgz",
      "integrity": "sha512-rhZKjZEDqvMYAGhbf9h2POTtSjYu2YoUb2IZyFUKtsnNLA912ukvlBxXh1Y7zEq6TFX3JeolHhMx6IT97iuchQ=="
    },
    "swiper": {
      "version": "11.1.10",
      "resolved": "https://registry.npmjs.org/swiper/-/swiper-11.1.10.tgz",
      "integrity": "sha512-pAVM6vCb6bumj2B9aSh67l3wP1j5YR8dPQM1YhQKMpnBc33vs+RpyVz6NZYZl/ZopCBSYbbWK5nvESwbmU0QXQ=="
    }
  }
}
